// !$*UTF8*$!
{
	archiveVersion = 1;
	classes = {
	};
	objectVersion = 50;
	objects = {

/* Begin PBXBuildFile section */
		590AB287217AF9E200C259D8 /* AppDelegate.swift in Sources */ = {isa = PBXBuildFile; fileRef = 590AB286217AF9E200C259D8 /* AppDelegate.swift */; };
		590AB289217AF9E200C259D8 /* ViewController.swift in Sources */ = {isa = PBXBuildFile; fileRef = 590AB288217AF9E200C259D8 /* ViewController.swift */; };
		590AB28C217AF9E200C259D8 /* Main.storyboard in Resources */ = {isa = PBXBuildFile; fileRef = 590AB28A217AF9E200C259D8 /* Main.storyboard */; };
		590AB28E217AF9E600C259D8 /* Assets.xcassets in Resources */ = {isa = PBXBuildFile; fileRef = 590AB28D217AF9E600C259D8 /* Assets.xcassets */; };
		590AB291217AF9E600C259D8 /* LaunchScreen.storyboard in Resources */ = {isa = PBXBuildFile; fileRef = 590AB28F217AF9E600C259D8 /* LaunchScreen.storyboard */; };
		590AB29C217AF9E600C259D8 /* TakeMeOutTests.swift in Sources */ = {isa = PBXBuildFile; fileRef = 590AB29B217AF9E600C259D8 /* TakeMeOutTests.swift */; };
		590AB2A7217AF9E600C259D8 /* TakeMeOutUITests.swift in Sources */ = {isa = PBXBuildFile; fileRef = 590AB2A6217AF9E600C259D8 /* TakeMeOutUITests.swift */; };
		590AB2B5217AFA6100C259D8 /* GoogleService-Info.plist in Resources */ = {isa = PBXBuildFile; fileRef = 590AB2B4217AFA6000C259D8 /* GoogleService-Info.plist */; };
		590AB2B7217B025800C259D8 /* Backend in Resources */ = {isa = PBXBuildFile; fileRef = 590AB2B6217B025700C259D8 /* Backend */; };
		590AB2B9217B1A8D00C259D8 /* Extentions.swift in Sources */ = {isa = PBXBuildFile; fileRef = 590AB2B8217B1A8D00C259D8 /* Extentions.swift */; };
		590AB2BB217B221700C259D8 /* CircleView.swift in Sources */ = {isa = PBXBuildFile; fileRef = 590AB2BA217B221700C259D8 /* CircleView.swift */; };
		590AB2BD217B4C0C00C259D8 /* MatchesTableViewController.swift in Sources */ = {isa = PBXBuildFile; fileRef = 590AB2BC217B4C0C00C259D8 /* MatchesTableViewController.swift */; };
		590AB2C0217B739A00C259D8 /* MatchedTableCell.swift in Sources */ = {isa = PBXBuildFile; fileRef = 590AB2BE217B739A00C259D8 /* MatchedTableCell.swift */; };
		590AB2C1217B739A00C259D8 /* MatchedTableCell.xib in Resources */ = {isa = PBXBuildFile; fileRef = 590AB2BF217B739A00C259D8 /* MatchedTableCell.xib */; };
		5AF78133217B864300B0A9C2 /* accountFormViewController.swift in Sources */ = {isa = PBXBuildFile; fileRef = 5AF78132217B864300B0A9C2 /* accountFormViewController.swift */; };
		80E7EFE8993AB475B3314E35 /* Pods_TakeMeOutUITests.framework in Frameworks */ = {isa = PBXBuildFile; fileRef = F11DFE7C9D4538947F39FC48 /* Pods_TakeMeOutUITests.framework */; };
		C6A1CD6E2582530A2D77061E /* Pods_TakeMeOutTests.framework in Frameworks */ = {isa = PBXBuildFile; fileRef = 37FACA0DA6909F74EF392D7C /* Pods_TakeMeOutTests.framework */; };
		E3C7F45D435FFF15E5E57DFF /* Pods_TakeMeOut.framework in Frameworks */ = {isa = PBXBuildFile; fileRef = F45E9C6A07D91D8B31C7F5CD /* Pods_TakeMeOut.framework */; };
/* End PBXBuildFile section */

/* Begin PBXContainerItemProxy section */
		590AB298217AF9E600C259D8 /* PBXContainerItemProxy */ = {
			isa = PBXContainerItemProxy;
			containerPortal = 590AB27B217AF9E200C259D8 /* Project object */;
			proxyType = 1;
			remoteGlobalIDString = 590AB282217AF9E200C259D8;
			remoteInfo = TakeMeOut;
		};
		590AB2A3217AF9E600C259D8 /* PBXContainerItemProxy */ = {
			isa = PBXContainerItemProxy;
			containerPortal = 590AB27B217AF9E200C259D8 /* Project object */;
			proxyType = 1;
			remoteGlobalIDString = 590AB282217AF9E200C259D8;
			remoteInfo = TakeMeOut;
		};
/* End PBXContainerItemProxy section */

/* Begin PBXFileReference section */
		02DE37C4844EF6F5E9E5A9CE /* Pods-TakeMeOutTests.release.xcconfig */ = {isa = PBXFileReference; includeInIndex = 1; lastKnownFileType = text.xcconfig; name = "Pods-TakeMeOutTests.release.xcconfig"; path = "Pods/Target Support Files/Pods-TakeMeOutTests/Pods-TakeMeOutTests.release.xcconfig"; sourceTree = "<group>"; };
		37FACA0DA6909F74EF392D7C /* Pods_TakeMeOutTests.framework */ = {isa = PBXFileReference; explicitFileType = wrapper.framework; includeInIndex = 0; path = Pods_TakeMeOutTests.framework; sourceTree = BUILT_PRODUCTS_DIR; };
		590AB283217AF9E200C259D8 /* TakeMeOut.app */ = {isa = PBXFileReference; explicitFileType = wrapper.application; includeInIndex = 0; path = TakeMeOut.app; sourceTree = BUILT_PRODUCTS_DIR; };
		590AB286217AF9E200C259D8 /* AppDelegate.swift */ = {isa = PBXFileReference; lastKnownFileType = sourcecode.swift; path = AppDelegate.swift; sourceTree = "<group>"; };
		590AB288217AF9E200C259D8 /* ViewController.swift */ = {isa = PBXFileReference; lastKnownFileType = sourcecode.swift; path = ViewController.swift; sourceTree = "<group>"; };
		590AB28B217AF9E200C259D8 /* Base */ = {isa = PBXFileReference; lastKnownFileType = file.storyboard; name = Base; path = Base.lproj/Main.storyboard; sourceTree = "<group>"; };
		590AB28D217AF9E600C259D8 /* Assets.xcassets */ = {isa = PBXFileReference; lastKnownFileType = folder.assetcatalog; path = Assets.xcassets; sourceTree = "<group>"; };
		590AB290217AF9E600C259D8 /* Base */ = {isa = PBXFileReference; lastKnownFileType = file.storyboard; name = Base; path = Base.lproj/LaunchScreen.storyboard; sourceTree = "<group>"; };
		590AB292217AF9E600C259D8 /* Info.plist */ = {isa = PBXFileReference; lastKnownFileType = text.plist.xml; path = Info.plist; sourceTree = "<group>"; };
		590AB297217AF9E600C259D8 /* TakeMeOutTests.xctest */ = {isa = PBXFileReference; explicitFileType = wrapper.cfbundle; includeInIndex = 0; path = TakeMeOutTests.xctest; sourceTree = BUILT_PRODUCTS_DIR; };
		590AB29B217AF9E600C259D8 /* TakeMeOutTests.swift */ = {isa = PBXFileReference; lastKnownFileType = sourcecode.swift; path = TakeMeOutTests.swift; sourceTree = "<group>"; };
		590AB29D217AF9E600C259D8 /* Info.plist */ = {isa = PBXFileReference; lastKnownFileType = text.plist.xml; path = Info.plist; sourceTree = "<group>"; };
		590AB2A2217AF9E600C259D8 /* TakeMeOutUITests.xctest */ = {isa = PBXFileReference; explicitFileType = wrapper.cfbundle; includeInIndex = 0; path = TakeMeOutUITests.xctest; sourceTree = BUILT_PRODUCTS_DIR; };
		590AB2A6217AF9E600C259D8 /* TakeMeOutUITests.swift */ = {isa = PBXFileReference; lastKnownFileType = sourcecode.swift; path = TakeMeOutUITests.swift; sourceTree = "<group>"; };
		590AB2A8217AF9E600C259D8 /* Info.plist */ = {isa = PBXFileReference; lastKnownFileType = text.plist.xml; path = Info.plist; sourceTree = "<group>"; };
		590AB2B4217AFA6000C259D8 /* GoogleService-Info.plist */ = {isa = PBXFileReference; fileEncoding = 4; lastKnownFileType = text.plist.xml; path = "GoogleService-Info.plist"; sourceTree = "<group>"; };
		590AB2B6217B025700C259D8 /* Backend */ = {isa = PBXFileReference; lastKnownFileType = folder; path = Backend; sourceTree = "<group>"; };
		590AB2B8217B1A8D00C259D8 /* Extentions.swift */ = {isa = PBXFileReference; lastKnownFileType = sourcecode.swift; path = Extentions.swift; sourceTree = "<group>"; };
		590AB2BA217B221700C259D8 /* CircleView.swift */ = {isa = PBXFileReference; lastKnownFileType = sourcecode.swift; path = CircleView.swift; sourceTree = "<group>"; };
		590AB2BC217B4C0C00C259D8 /* MatchesTableViewController.swift */ = {isa = PBXFileReference; lastKnownFileType = sourcecode.swift; path = MatchesTableViewController.swift; sourceTree = "<group>"; };
		590AB2BE217B739A00C259D8 /* MatchedTableCell.swift */ = {isa = PBXFileReference; lastKnownFileType = sourcecode.swift; name = MatchedTableCell.swift; path = Cell/MatchedTableCell.swift; sourceTree = "<group>"; };
		590AB2BF217B739A00C259D8 /* MatchedTableCell.xib */ = {isa = PBXFileReference; lastKnownFileType = file.xib; name = MatchedTableCell.xib; path = Cell/MatchedTableCell.xib; sourceTree = "<group>"; };
		5AF78132217B864300B0A9C2 /* accountFormViewController.swift */ = {isa = PBXFileReference; lastKnownFileType = sourcecode.swift; path = accountFormViewController.swift; sourceTree = "<group>"; };
		886A1857DAB3E2442A965114 /* Pods-TakeMeOut.release.xcconfig */ = {isa = PBXFileReference; includeInIndex = 1; lastKnownFileType = text.xcconfig; name = "Pods-TakeMeOut.release.xcconfig"; path = "Pods/Target Support Files/Pods-TakeMeOut/Pods-TakeMeOut.release.xcconfig"; sourceTree = "<group>"; };
		8EF24A9E17E4C76BA00BFF8A /* Pods-TakeMeOutUITests.release.xcconfig */ = {isa = PBXFileReference; includeInIndex = 1; lastKnownFileType = text.xcconfig; name = "Pods-TakeMeOutUITests.release.xcconfig"; path = "Pods/Target Support Files/Pods-TakeMeOutUITests/Pods-TakeMeOutUITests.release.xcconfig"; sourceTree = "<group>"; };
		9FD1B8D454DEE8AF23CA5E24 /* Pods-TakeMeOut.debug.xcconfig */ = {isa = PBXFileReference; includeInIndex = 1; lastKnownFileType = text.xcconfig; name = "Pods-TakeMeOut.debug.xcconfig"; path = "Pods/Target Support Files/Pods-TakeMeOut/Pods-TakeMeOut.debug.xcconfig"; sourceTree = "<group>"; };
		DED0A7C65616799D21F399DD /* Pods-TakeMeOutTests.debug.xcconfig */ = {isa = PBXFileReference; includeInIndex = 1; lastKnownFileType = text.xcconfig; name = "Pods-TakeMeOutTests.debug.xcconfig"; path = "Pods/Target Support Files/Pods-TakeMeOutTests/Pods-TakeMeOutTests.debug.xcconfig"; sourceTree = "<group>"; };
		E048C84134FD98AFD8F23DFE /* Pods-TakeMeOutUITests.debug.xcconfig */ = {isa = PBXFileReference; includeInIndex = 1; lastKnownFileType = text.xcconfig; name = "Pods-TakeMeOutUITests.debug.xcconfig"; path = "Pods/Target Support Files/Pods-TakeMeOutUITests/Pods-TakeMeOutUITests.debug.xcconfig"; sourceTree = "<group>"; };
		F11DFE7C9D4538947F39FC48 /* Pods_TakeMeOutUITests.framework */ = {isa = PBXFileReference; explicitFileType = wrapper.framework; includeInIndex = 0; path = Pods_TakeMeOutUITests.framework; sourceTree = BUILT_PRODUCTS_DIR; };
		F45E9C6A07D91D8B31C7F5CD /* Pods_TakeMeOut.framework */ = {isa = PBXFileReference; explicitFileType = wrapper.framework; includeInIndex = 0; path = Pods_TakeMeOut.framework; sourceTree = BUILT_PRODUCTS_DIR; };
/* End PBXFileReference section */

/* Begin PBXFrameworksBuildPhase section */
		590AB280217AF9E200C259D8 /* Frameworks */ = {
			isa = PBXFrameworksBuildPhase;
			buildActionMask = 2147483647;
			files = (
				E3C7F45D435FFF15E5E57DFF /* Pods_TakeMeOut.framework in Frameworks */,
			);
			runOnlyForDeploymentPostprocessing = 0;
		};
		590AB294217AF9E600C259D8 /* Frameworks */ = {
			isa = PBXFrameworksBuildPhase;
			buildActionMask = 2147483647;
			files = (
				C6A1CD6E2582530A2D77061E /* Pods_TakeMeOutTests.framework in Frameworks */,
			);
			runOnlyForDeploymentPostprocessing = 0;
		};
		590AB29F217AF9E600C259D8 /* Frameworks */ = {
			isa = PBXFrameworksBuildPhase;
			buildActionMask = 2147483647;
			files = (
				80E7EFE8993AB475B3314E35 /* Pods_TakeMeOutUITests.framework in Frameworks */,
			);
			runOnlyForDeploymentPostprocessing = 0;
		};
/* End PBXFrameworksBuildPhase section */

/* Begin PBXGroup section */
		590AB27A217AF9E200C259D8 = {
			isa = PBXGroup;
			children = (
				590AB2B6217B025700C259D8 /* Backend */,
				590AB285217AF9E200C259D8 /* TakeMeOut */,
				590AB29A217AF9E600C259D8 /* TakeMeOutTests */,
				590AB2A5217AF9E600C259D8 /* TakeMeOutUITests */,
				590AB284217AF9E200C259D8 /* Products */,
				8A103A4A8BB4CB245017D260 /* Pods */,
				FDA40BE776DD16161B697A7D /* Frameworks */,
			);
			sourceTree = "<group>";
		};
		590AB284217AF9E200C259D8 /* Products */ = {
			isa = PBXGroup;
			children = (
				590AB283217AF9E200C259D8 /* TakeMeOut.app */,
				590AB297217AF9E600C259D8 /* TakeMeOutTests.xctest */,
				590AB2A2217AF9E600C259D8 /* TakeMeOutUITests.xctest */,
			);
			name = Products;
			sourceTree = "<group>";
		};
		590AB285217AF9E200C259D8 /* TakeMeOut */ = {
			isa = PBXGroup;
			children = (
				590AB286217AF9E200C259D8 /* AppDelegate.swift */,
				590AB288217AF9E200C259D8 /* ViewController.swift */,
				590AB28A217AF9E200C259D8 /* Main.storyboard */,
				590AB28D217AF9E600C259D8 /* Assets.xcassets */,
				590AB28F217AF9E600C259D8 /* LaunchScreen.storyboard */,
				590AB292217AF9E600C259D8 /* Info.plist */,
				590AB2B4217AFA6000C259D8 /* GoogleService-Info.plist */,
				590AB2B8217B1A8D00C259D8 /* Extentions.swift */,
				590AB2BA217B221700C259D8 /* CircleView.swift */,
				590AB2BC217B4C0C00C259D8 /* MatchesTableViewController.swift */,
				590AB2BE217B739A00C259D8 /* MatchedTableCell.swift */,
				590AB2BF217B739A00C259D8 /* MatchedTableCell.xib */,
				5AF78132217B864300B0A9C2 /* accountFormViewController.swift */,
			);
			path = TakeMeOut;
			sourceTree = "<group>";
		};
		590AB29A217AF9E600C259D8 /* TakeMeOutTests */ = {
			isa = PBXGroup;
			children = (
				590AB29B217AF9E600C259D8 /* TakeMeOutTests.swift */,
				590AB29D217AF9E600C259D8 /* Info.plist */,
			);
			path = TakeMeOutTests;
			sourceTree = "<group>";
		};
		590AB2A5217AF9E600C259D8 /* TakeMeOutUITests */ = {
			isa = PBXGroup;
			children = (
				590AB2A6217AF9E600C259D8 /* TakeMeOutUITests.swift */,
				590AB2A8217AF9E600C259D8 /* Info.plist */,
			);
			path = TakeMeOutUITests;
			sourceTree = "<group>";
		};
		8A103A4A8BB4CB245017D260 /* Pods */ = {
			isa = PBXGroup;
			children = (
				9FD1B8D454DEE8AF23CA5E24 /* Pods-TakeMeOut.debug.xcconfig */,
				886A1857DAB3E2442A965114 /* Pods-TakeMeOut.release.xcconfig */,
				DED0A7C65616799D21F399DD /* Pods-TakeMeOutTests.debug.xcconfig */,
				02DE37C4844EF6F5E9E5A9CE /* Pods-TakeMeOutTests.release.xcconfig */,
				E048C84134FD98AFD8F23DFE /* Pods-TakeMeOutUITests.debug.xcconfig */,
				8EF24A9E17E4C76BA00BFF8A /* Pods-TakeMeOutUITests.release.xcconfig */,
			);
			name = Pods;
			sourceTree = "<group>";
		};
		FDA40BE776DD16161B697A7D /* Frameworks */ = {
			isa = PBXGroup;
			children = (
				F45E9C6A07D91D8B31C7F5CD /* Pods_TakeMeOut.framework */,
				37FACA0DA6909F74EF392D7C /* Pods_TakeMeOutTests.framework */,
				F11DFE7C9D4538947F39FC48 /* Pods_TakeMeOutUITests.framework */,
			);
			name = Frameworks;
			sourceTree = "<group>";
		};
/* End PBXGroup section */

/* Begin PBXNativeTarget section */
		590AB282217AF9E200C259D8 /* TakeMeOut */ = {
			isa = PBXNativeTarget;
			buildConfigurationList = 590AB2AB217AF9E600C259D8 /* Build configuration list for PBXNativeTarget "TakeMeOut" */;
			buildPhases = (
				8ACD9CAE1475A3F497DDD33C /* [CP] Check Pods Manifest.lock */,
				590AB27F217AF9E200C259D8 /* Sources */,
				590AB280217AF9E200C259D8 /* Frameworks */,
				590AB281217AF9E200C259D8 /* Resources */,
				8154AC6579356D3F5258AB18 /* [CP] Embed Pods Frameworks */,
				54A5DB69E4E7549B6724A86E /* [CP] Copy Pods Resources */,
			);
			buildRules = (
			);
			dependencies = (
			);
			name = TakeMeOut;
			productName = TakeMeOut;
			productReference = 590AB283217AF9E200C259D8 /* TakeMeOut.app */;
			productType = "com.apple.product-type.application";
		};
		590AB296217AF9E600C259D8 /* TakeMeOutTests */ = {
			isa = PBXNativeTarget;
			buildConfigurationList = 590AB2AE217AF9E600C259D8 /* Build configuration list for PBXNativeTarget "TakeMeOutTests" */;
			buildPhases = (
				F3DBF498F6D061FF88A76103 /* [CP] Check Pods Manifest.lock */,
				590AB293217AF9E600C259D8 /* Sources */,
				590AB294217AF9E600C259D8 /* Frameworks */,
				590AB295217AF9E600C259D8 /* Resources */,
			);
			buildRules = (
			);
			dependencies = (
				590AB299217AF9E600C259D8 /* PBXTargetDependency */,
			);
			name = TakeMeOutTests;
			productName = TakeMeOutTests;
			productReference = 590AB297217AF9E600C259D8 /* TakeMeOutTests.xctest */;
			productType = "com.apple.product-type.bundle.unit-test";
		};
		590AB2A1217AF9E600C259D8 /* TakeMeOutUITests */ = {
			isa = PBXNativeTarget;
			buildConfigurationList = 590AB2B1217AF9E600C259D8 /* Build configuration list for PBXNativeTarget "TakeMeOutUITests" */;
			buildPhases = (
				27D20627FCBA049EE5979958 /* [CP] Check Pods Manifest.lock */,
				590AB29E217AF9E600C259D8 /* Sources */,
				590AB29F217AF9E600C259D8 /* Frameworks */,
				590AB2A0217AF9E600C259D8 /* Resources */,
			);
			buildRules = (
			);
			dependencies = (
				590AB2A4217AF9E600C259D8 /* PBXTargetDependency */,
			);
			name = TakeMeOutUITests;
			productName = TakeMeOutUITests;
			productReference = 590AB2A2217AF9E600C259D8 /* TakeMeOutUITests.xctest */;
			productType = "com.apple.product-type.bundle.ui-testing";
		};
/* End PBXNativeTarget section */

/* Begin PBXProject section */
		590AB27B217AF9E200C259D8 /* Project object */ = {
			isa = PBXProject;
			attributes = {
				LastSwiftUpdateCheck = 1000;
				LastUpgradeCheck = 1000;
				ORGANIZATIONNAME = Mhnd;
				TargetAttributes = {
					590AB282217AF9E200C259D8 = {
						CreatedOnToolsVersion = 10.0;
					};
					590AB296217AF9E600C259D8 = {
						CreatedOnToolsVersion = 10.0;
						TestTargetID = 590AB282217AF9E200C259D8;
					};
					590AB2A1217AF9E600C259D8 = {
						CreatedOnToolsVersion = 10.0;
						TestTargetID = 590AB282217AF9E200C259D8;
					};
				};
			};
			buildConfigurationList = 590AB27E217AF9E200C259D8 /* Build configuration list for PBXProject "TakeMeOut" */;
			compatibilityVersion = "Xcode 9.3";
			developmentRegion = en;
			hasScannedForEncodings = 0;
			knownRegions = (
				en,
				Base,
			);
			mainGroup = 590AB27A217AF9E200C259D8;
			productRefGroup = 590AB284217AF9E200C259D8 /* Products */;
			projectDirPath = "";
			projectRoot = "";
			targets = (
				590AB282217AF9E200C259D8 /* TakeMeOut */,
				590AB296217AF9E600C259D8 /* TakeMeOutTests */,
				590AB2A1217AF9E600C259D8 /* TakeMeOutUITests */,
			);
		};
/* End PBXProject section */

/* Begin PBXResourcesBuildPhase section */
		590AB281217AF9E200C259D8 /* Resources */ = {
			isa = PBXResourcesBuildPhase;
			buildActionMask = 2147483647;
			files = (
				590AB2B7217B025800C259D8 /* Backend in Resources */,
				590AB291217AF9E600C259D8 /* LaunchScreen.storyboard in Resources */,
				590AB2B5217AFA6100C259D8 /* GoogleService-Info.plist in Resources */,
				590AB2C1217B739A00C259D8 /* MatchedTableCell.xib in Resources */,
				590AB28E217AF9E600C259D8 /* Assets.xcassets in Resources */,
				590AB28C217AF9E200C259D8 /* Main.storyboard in Resources */,
			);
			runOnlyForDeploymentPostprocessing = 0;
		};
		590AB295217AF9E600C259D8 /* Resources */ = {
			isa = PBXResourcesBuildPhase;
			buildActionMask = 2147483647;
			files = (
			);
			runOnlyForDeploymentPostprocessing = 0;
		};
		590AB2A0217AF9E600C259D8 /* Resources */ = {
			isa = PBXResourcesBuildPhase;
			buildActionMask = 2147483647;
			files = (
			);
			runOnlyForDeploymentPostprocessing = 0;
		};
/* End PBXResourcesBuildPhase section */

/* Begin PBXShellScriptBuildPhase section */
		27D20627FCBA049EE5979958 /* [CP] Check Pods Manifest.lock */ = {
			isa = PBXShellScriptBuildPhase;
			buildActionMask = 2147483647;
			files = (
			);
			inputPaths = (
				"${PODS_PODFILE_DIR_PATH}/Podfile.lock",
				"${PODS_ROOT}/Manifest.lock",
			);
			name = "[CP] Check Pods Manifest.lock";
			outputPaths = (
				"$(DERIVED_FILE_DIR)/Pods-TakeMeOutUITests-checkManifestLockResult.txt",
			);
			runOnlyForDeploymentPostprocessing = 0;
			shellPath = /bin/sh;
			shellScript = "diff \"${PODS_PODFILE_DIR_PATH}/Podfile.lock\" \"${PODS_ROOT}/Manifest.lock\" > /dev/null\nif [ $? != 0 ] ; then\n    # print error to STDERR\n    echo \"error: The sandbox is not in sync with the Podfile.lock. Run 'pod install' or update your CocoaPods installation.\" >&2\n    exit 1\nfi\n# This output is used by Xcode 'outputs' to avoid re-running this script phase.\necho \"SUCCESS\" > \"${SCRIPT_OUTPUT_FILE_0}\"\n";
			showEnvVarsInLog = 0;
		};
		54A5DB69E4E7549B6724A86E /* [CP] Copy Pods Resources */ = {
			isa = PBXShellScriptBuildPhase;
			buildActionMask = 2147483647;
			files = (
			);
			inputPaths = (
				"${SRCROOT}/Pods/Target Support Files/Pods-TakeMeOut/Pods-TakeMeOut-resources.sh",
				"${PODS_ROOT}/GoogleSignIn/Resources/GoogleSignIn.bundle",
			);
			name = "[CP] Copy Pods Resources";
			outputPaths = (
				"${TARGET_BUILD_DIR}/${UNLOCALIZED_RESOURCES_FOLDER_PATH}/GoogleSignIn.bundle",
			);
			runOnlyForDeploymentPostprocessing = 0;
			shellPath = /bin/sh;
			shellScript = "\"${SRCROOT}/Pods/Target Support Files/Pods-TakeMeOut/Pods-TakeMeOut-resources.sh\"\n";
			showEnvVarsInLog = 0;
		};
		8154AC6579356D3F5258AB18 /* [CP] Embed Pods Frameworks */ = {
			isa = PBXShellScriptBuildPhase;
			buildActionMask = 2147483647;
			files = (
			);
			inputPaths = (
				"${SRCROOT}/Pods/Target Support Files/Pods-TakeMeOut/Pods-TakeMeOut-frameworks.sh",
				"${BUILT_PRODUCTS_DIR}/Eureka/Eureka.framework",
				"${BUILT_PRODUCTS_DIR}/GTMOAuth2/GTMOAuth2.framework",
				"${BUILT_PRODUCTS_DIR}/GTMSessionFetcher/GTMSessionFetcher.framework",
				"${BUILT_PRODUCTS_DIR}/GoogleToolboxForMac/GoogleToolboxForMac.framework",
			);
			name = "[CP] Embed Pods Frameworks";
			outputPaths = (
				"${TARGET_BUILD_DIR}/${FRAMEWORKS_FOLDER_PATH}/Eureka.framework",
				"${TARGET_BUILD_DIR}/${FRAMEWORKS_FOLDER_PATH}/GTMOAuth2.framework",
				"${TARGET_BUILD_DIR}/${FRAMEWORKS_FOLDER_PATH}/GTMSessionFetcher.framework",
				"${TARGET_BUILD_DIR}/${FRAMEWORKS_FOLDER_PATH}/GoogleToolboxForMac.framework",
			);
			runOnlyForDeploymentPostprocessing = 0;
			shellPath = /bin/sh;
			shellScript = "\"${SRCROOT}/Pods/Target Support Files/Pods-TakeMeOut/Pods-TakeMeOut-frameworks.sh\"\n";
			showEnvVarsInLog = 0;
		};
		8ACD9CAE1475A3F497DDD33C /* [CP] Check Pods Manifest.lock */ = {
			isa = PBXShellScriptBuildPhase;
			buildActionMask = 2147483647;
			files = (
			);
			inputPaths = (
				"${PODS_PODFILE_DIR_PATH}/Podfile.lock",
				"${PODS_ROOT}/Manifest.lock",
			);
			name = "[CP] Check Pods Manifest.lock";
			outputPaths = (
				"$(DERIVED_FILE_DIR)/Pods-TakeMeOut-checkManifestLockResult.txt",
			);
			runOnlyForDeploymentPostprocessing = 0;
			shellPath = /bin/sh;
			shellScript = "diff \"${PODS_PODFILE_DIR_PATH}/Podfile.lock\" \"${PODS_ROOT}/Manifest.lock\" > /dev/null\nif [ $? != 0 ] ; then\n    # print error to STDERR\n    echo \"error: The sandbox is not in sync with the Podfile.lock. Run 'pod install' or update your CocoaPods installation.\" >&2\n    exit 1\nfi\n# This output is used by Xcode 'outputs' to avoid re-running this script phase.\necho \"SUCCESS\" > \"${SCRIPT_OUTPUT_FILE_0}\"\n";
			showEnvVarsInLog = 0;
		};
		F3DBF498F6D061FF88A76103 /* [CP] Check Pods Manifest.lock */ = {
			isa = PBXShellScriptBuildPhase;
			buildActionMask = 2147483647;
			files = (
			);
			inputPaths = (
				"${PODS_PODFILE_DIR_PATH}/Podfile.lock",
				"${PODS_ROOT}/Manifest.lock",
			);
			name = "[CP] Check Pods Manifest.lock";
			outputPaths = (
				"$(DERIVED_FILE_DIR)/Pods-TakeMeOutTests-checkManifestLockResult.txt",
			);
			runOnlyForDeploymentPostprocessing = 0;
			shellPath = /bin/sh;
			shellScript = "diff \"${PODS_PODFILE_DIR_PATH}/Podfile.lock\" \"${PODS_ROOT}/Manifest.lock\" > /dev/null\nif [ $? != 0 ] ; then\n    # print error to STDERR\n    echo \"error: The sandbox is not in sync with the Podfile.lock. Run 'pod install' or update your CocoaPods installation.\" >&2\n    exit 1\nfi\n# This output is used by Xcode 'outputs' to avoid re-running this script phase.\necho \"SUCCESS\" > \"${SCRIPT_OUTPUT_FILE_0}\"\n";
			showEnvVarsInLog = 0;
		};
/* End PBXShellScriptBuildPhase section */

/* Begin PBXSourcesBuildPhase section */
		590AB27F217AF9E200C259D8 /* Sources */ = {
			isa = PBXSourcesBuildPhase;
			buildActionMask = 2147483647;
			files = (
				5AF78133217B864300B0A9C2 /* accountFormViewController.swift in Sources */,
				590AB2BB217B221700C259D8 /* CircleView.swift in Sources */,
				590AB289217AF9E200C259D8 /* ViewController.swift in Sources */,
				590AB287217AF9E200C259D8 /* AppDelegate.swift in Sources */,
				590AB2B9217B1A8D00C259D8 /* Extentions.swift in Sources */,
				590AB2BD217B4C0C00C259D8 /* MatchesTableViewController.swift in Sources */,
				590AB2C0217B739A00C259D8 /* MatchedTableCell.swift in Sources */,
			);
			runOnlyForDeploymentPostprocessing = 0;
		};
		590AB293217AF9E600C259D8 /* Sources */ = {
			isa = PBXSourcesBuildPhase;
			buildActionMask = 2147483647;
			files = (
				590AB29C217AF9E600C259D8 /* TakeMeOutTests.swift in Sources */,
			);
			runOnlyForDeploymentPostprocessing = 0;
		};
		590AB29E217AF9E600C259D8 /* Sources */ = {
			isa = PBXSourcesBuildPhase;
			buildActionMask = 2147483647;
			files = (
				590AB2A7217AF9E600C259D8 /* TakeMeOutUITests.swift in Sources */,
			);
			runOnlyForDeploymentPostprocessing = 0;
		};
/* End PBXSourcesBuildPhase section */

/* Begin PBXTargetDependency section */
		590AB299217AF9E600C259D8 /* PBXTargetDependency */ = {
			isa = PBXTargetDependency;
			target = 590AB282217AF9E200C259D8 /* TakeMeOut */;
			targetProxy = 590AB298217AF9E600C259D8 /* PBXContainerItemProxy */;
		};
		590AB2A4217AF9E600C259D8 /* PBXTargetDependency */ = {
			isa = PBXTargetDependency;
			target = 590AB282217AF9E200C259D8 /* TakeMeOut */;
			targetProxy = 590AB2A3217AF9E600C259D8 /* PBXContainerItemProxy */;
		};
/* End PBXTargetDependency section */

/* Begin PBXVariantGroup section */
		590AB28A217AF9E200C259D8 /* Main.storyboard */ = {
			isa = PBXVariantGroup;
			children = (
				590AB28B217AF9E200C259D8 /* Base */,
			);
			name = Main.storyboard;
			sourceTree = "<group>";
		};
		590AB28F217AF9E600C259D8 /* LaunchScreen.storyboard */ = {
			isa = PBXVariantGroup;
			children = (
				590AB290217AF9E600C259D8 /* Base */,
			);
			name = LaunchScreen.storyboard;
			sourceTree = "<group>";
		};
/* End PBXVariantGroup section */

/* Begin XCBuildConfiguration section */
		590AB2A9217AF9E600C259D8 /* Debug */ = {
			isa = XCBuildConfiguration;
			buildSettings = {
				ALWAYS_SEARCH_USER_PATHS = NO;
				CLANG_ANALYZER_NONNULL = YES;
				CLANG_ANALYZER_NUMBER_OBJECT_CONVERSION = YES_AGGRESSIVE;
				CLANG_CXX_LANGUAGE_STANDARD = "gnu++14";
				CLANG_CXX_LIBRARY = "libc++";
				CLANG_ENABLE_MODULES = YES;
				CLANG_ENABLE_OBJC_ARC = YES;
				CLANG_ENABLE_OBJC_WEAK = YES;
				CLANG_WARN_BLOCK_CAPTURE_AUTORELEASING = YES;
				CLANG_WARN_BOOL_CONVERSION = YES;
				CLANG_WARN_COMMA = YES;
				CLANG_WARN_CONSTANT_CONVERSION = YES;
				CLANG_WARN_DEPRECATED_OBJC_IMPLEMENTATIONS = YES;
				CLANG_WARN_DIRECT_OBJC_ISA_USAGE = YES_ERROR;
				CLANG_WARN_DOCUMENTATION_COMMENTS = YES;
				CLANG_WARN_EMPTY_BODY = YES;
				CLANG_WARN_ENUM_CONVERSION = YES;
				CLANG_WARN_INFINITE_RECURSION = YES;
				CLANG_WARN_INT_CONVERSION = YES;
				CLANG_WARN_NON_LITERAL_NULL_CONVERSION = YES;
				CLANG_WARN_OBJC_IMPLICIT_RETAIN_SELF = YES;
				CLANG_WARN_OBJC_LITERAL_CONVERSION = YES;
				CLANG_WARN_OBJC_ROOT_CLASS = YES_ERROR;
				CLANG_WARN_RANGE_LOOP_ANALYSIS = YES;
				CLANG_WARN_STRICT_PROTOTYPES = YES;
				CLANG_WARN_SUSPICIOUS_MOVE = YES;
				CLANG_WARN_UNGUARDED_AVAILABILITY = YES_AGGRESSIVE;
				CLANG_WARN_UNREACHABLE_CODE = YES;
				CLANG_WARN__DUPLICATE_METHOD_MATCH = YES;
				CODE_SIGN_IDENTITY = "iPhone Developer";
				COPY_PHASE_STRIP = NO;
				DEBUG_INFORMATION_FORMAT = dwarf;
				ENABLE_STRICT_OBJC_MSGSEND = YES;
				ENABLE_TESTABILITY = YES;
				GCC_C_LANGUAGE_STANDARD = gnu11;
				GCC_DYNAMIC_NO_PIC = NO;
				GCC_NO_COMMON_BLOCKS = YES;
				GCC_OPTIMIZATION_LEVEL = 0;
				GCC_PREPROCESSOR_DEFINITIONS = (
					"DEBUG=1",
					"$(inherited)",
				);
				GCC_WARN_64_TO_32_BIT_CONVERSION = YES;
				GCC_WARN_ABOUT_RETURN_TYPE = YES_ERROR;
				GCC_WARN_UNDECLARED_SELECTOR = YES;
				GCC_WARN_UNINITIALIZED_AUTOS = YES_AGGRESSIVE;
				GCC_WARN_UNUSED_FUNCTION = YES;
				GCC_WARN_UNUSED_VARIABLE = YES;
				IPHONEOS_DEPLOYMENT_TARGET = 12.0;
				MTL_ENABLE_DEBUG_INFO = INCLUDE_SOURCE;
				MTL_FAST_MATH = YES;
				ONLY_ACTIVE_ARCH = YES;
				SDKROOT = iphoneos;
				SWIFT_ACTIVE_COMPILATION_CONDITIONS = DEBUG;
				SWIFT_OPTIMIZATION_LEVEL = "-Onone";
			};
			name = Debug;
		};
		590AB2AA217AF9E600C259D8 /* Release */ = {
			isa = XCBuildConfiguration;
			buildSettings = {
				ALWAYS_SEARCH_USER_PATHS = NO;
				CLANG_ANALYZER_NONNULL = YES;
				CLANG_ANALYZER_NUMBER_OBJECT_CONVERSION = YES_AGGRESSIVE;
				CLANG_CXX_LANGUAGE_STANDARD = "gnu++14";
				CLANG_CXX_LIBRARY = "libc++";
				CLANG_ENABLE_MODULES = YES;
				CLANG_ENABLE_OBJC_ARC = YES;
				CLANG_ENABLE_OBJC_WEAK = YES;
				CLANG_WARN_BLOCK_CAPTURE_AUTORELEASING = YES;
				CLANG_WARN_BOOL_CONVERSION = YES;
				CLANG_WARN_COMMA = YES;
				CLANG_WARN_CONSTANT_CONVERSION = YES;
				CLANG_WARN_DEPRECATED_OBJC_IMPLEMENTATIONS = YES;
				CLANG_WARN_DIRECT_OBJC_ISA_USAGE = YES_ERROR;
				CLANG_WARN_DOCUMENTATION_COMMENTS = YES;
				CLANG_WARN_EMPTY_BODY = YES;
				CLANG_WARN_ENUM_CONVERSION = YES;
				CLANG_WARN_INFINITE_RECURSION = YES;
				CLANG_WARN_INT_CONVERSION = YES;
				CLANG_WARN_NON_LITERAL_NULL_CONVERSION = YES;
				CLANG_WARN_OBJC_IMPLICIT_RETAIN_SELF = YES;
				CLANG_WARN_OBJC_LITERAL_CONVERSION = YES;
				CLANG_WARN_OBJC_ROOT_CLASS = YES_ERROR;
				CLANG_WARN_RANGE_LOOP_ANALYSIS = YES;
				CLANG_WARN_STRICT_PROTOTYPES = YES;
				CLANG_WARN_SUSPICIOUS_MOVE = YES;
				CLANG_WARN_UNGUARDED_AVAILABILITY = YES_AGGRESSIVE;
				CLANG_WARN_UNREACHABLE_CODE = YES;
				CLANG_WARN__DUPLICATE_METHOD_MATCH = YES;
				CODE_SIGN_IDENTITY = "iPhone Developer";
				COPY_PHASE_STRIP = NO;
				DEBUG_INFORMATION_FORMAT = "dwarf-with-dsym";
				ENABLE_NS_ASSERTIONS = NO;
				ENABLE_STRICT_OBJC_MSGSEND = YES;
				GCC_C_LANGUAGE_STANDARD = gnu11;
				GCC_NO_COMMON_BLOCKS = YES;
				GCC_WARN_64_TO_32_BIT_CONVERSION = YES;
				GCC_WARN_ABOUT_RETURN_TYPE = YES_ERROR;
				GCC_WARN_UNDECLARED_SELECTOR = YES;
				GCC_WARN_UNINITIALIZED_AUTOS = YES_AGGRESSIVE;
				GCC_WARN_UNUSED_FUNCTION = YES;
				GCC_WARN_UNUSED_VARIABLE = YES;
				IPHONEOS_DEPLOYMENT_TARGET = 12.0;
				MTL_ENABLE_DEBUG_INFO = NO;
				MTL_FAST_MATH = YES;
				SDKROOT = iphoneos;
				SWIFT_COMPILATION_MODE = wholemodule;
				SWIFT_OPTIMIZATION_LEVEL = "-O";
				VALIDATE_PRODUCT = YES;
			};
			name = Release;
		};
		590AB2AC217AF9E600C259D8 /* Debug */ = {
			isa = XCBuildConfiguration;
			baseConfigurationReference = 9FD1B8D454DEE8AF23CA5E24 /* Pods-TakeMeOut.debug.xcconfig */;
			buildSettings = {
				ASSETCATALOG_COMPILER_APPICON_NAME = AppIcon;
				CODE_SIGN_STYLE = Automatic;
				DEVELOPMENT_TEAM = NQKN4UZDGE;
				INFOPLIST_FILE = TakeMeOut/Info.plist;
				LD_RUNPATH_SEARCH_PATHS = (
					"$(inherited)",
					"@executable_path/Frameworks",
				);
				PRODUCT_BUNDLE_IDENTIFIER = com.mhnd.TakeMeOut;
				PRODUCT_NAME = "$(TARGET_NAME)";
				SWIFT_VERSION = 4.2;
				TARGETED_DEVICE_FAMILY = "1,2";
			};
			name = Debug;
		};
		590AB2AD217AF9E600C259D8 /* Release */ = {
			isa = XCBuildConfiguration;
			baseConfigurationReference = 886A1857DAB3E2442A965114 /* Pods-TakeMeOut.release.xcconfig */;
			buildSettings = {
				ASSETCATALOG_COMPILER_APPICON_NAME = AppIcon;
				CODE_SIGN_STYLE = Automatic;
				DEVELOPMENT_TEAM = NQKN4UZDGE;
				INFOPLIST_FILE = TakeMeOut/Info.plist;
				LD_RUNPATH_SEARCH_PATHS = (
					"$(inherited)",
					"@executable_path/Frameworks",
				);
				PRODUCT_BUNDLE_IDENTIFIER = com.mhnd.TakeMeOut;
				PRODUCT_NAME = "$(TARGET_NAME)";
				SWIFT_VERSION = 4.2;
				TARGETED_DEVICE_FAMILY = "1,2";
			};
			name = Release;
		};
		590AB2AF217AF9E600C259D8 /* Debug */ = {
			isa = XCBuildConfiguration;
			baseConfigurationReference = DED0A7C65616799D21F399DD /* Pods-TakeMeOutTests.debug.xcconfig */;
			buildSettings = {
				ALWAYS_EMBED_SWIFT_STANDARD_LIBRARIES = YES;
				BUNDLE_LOADER = "$(TEST_HOST)";
				CODE_SIGN_STYLE = Automatic;
				DEVELOPMENT_TEAM = WXT8YUFTMG;
				INFOPLIST_FILE = TakeMeOutTests/Info.plist;
				LD_RUNPATH_SEARCH_PATHS = (
					"$(inherited)",
					"@executable_path/Frameworks",
					"@loader_path/Frameworks",
				);
				PRODUCT_BUNDLE_IDENTIFIER = com.mhnd.TakeMeOutTests;
				PRODUCT_NAME = "$(TARGET_NAME)";
				SWIFT_VERSION = 4.2;
				TARGETED_DEVICE_FAMILY = "1,2";
				TEST_HOST = "$(BUILT_PRODUCTS_DIR)/TakeMeOut.app/TakeMeOut";
			};
			name = Debug;
		};
		590AB2B0217AF9E600C259D8 /* Release */ = {
			isa = XCBuildConfiguration;
			baseConfigurationReference = 02DE37C4844EF6F5E9E5A9CE /* Pods-TakeMeOutTests.release.xcconfig */;
			buildSettings = {
				ALWAYS_EMBED_SWIFT_STANDARD_LIBRARIES = YES;
				BUNDLE_LOADER = "$(TEST_HOST)";
				CODE_SIGN_STYLE = Automatic;
				DEVELOPMENT_TEAM = WXT8YUFTMG;
				INFOPLIST_FILE = TakeMeOutTests/Info.plist;
				LD_RUNPATH_SEARCH_PATHS = (
					"$(inherited)",
					"@executable_path/Frameworks",
					"@loader_path/Frameworks",
				);
				PRODUCT_BUNDLE_IDENTIFIER = com.mhnd.TakeMeOutTests;
				PRODUCT_NAME = "$(TARGET_NAME)";
				SWIFT_VERSION = 4.2;
				TARGETED_DEVICE_FAMILY = "1,2";
				TEST_HOST = "$(BUILT_PRODUCTS_DIR)/TakeMeOut.app/TakeMeOut";
			};
			name = Release;
		};
		590AB2B2217AF9E600C259D8 /* Debug */ = {
			isa = XCBuildConfiguration;
			baseConfigurationReference = E048C84134FD98AFD8F23DFE /* Pods-TakeMeOutUITests.debug.xcconfig */;
			buildSettings = {
				ALWAYS_EMBED_SWIFT_STANDARD_LIBRARIES = YES;
				CODE_SIGN_STYLE = Automatic;
				DEVELOPMENT_TEAM = WXT8YUFTMG;
				INFOPLIST_FILE = TakeMeOutUITests/Info.plist;
				LD_RUNPATH_SEARCH_PATHS = (
					"$(inherited)",
					"@executable_path/Frameworks",
					"@loader_path/Frameworks",
				);
				PRODUCT_BUNDLE_IDENTIFIER = com.mhnd.TakeMeOutUITests;
				PRODUCT_NAME = "$(TARGET_NAME)";
				SWIFT_VERSION = 4.2;
				TARGETED_DEVICE_FAMILY = "1,2";
				TEST_TARGET_NAME = TakeMeOut;
			};
			name = Debug;
		};
		590AB2B3217AF9E600C259D8 /* Release */ = {
			isa = XCBuildConfiguration;
			baseConfigurationReference = 8EF24A9E17E4C76BA00BFF8A /* Pods-TakeMeOutUITests.release.xcconfig */;
			buildSettings = {
				ALWAYS_EMBED_SWIFT_STANDARD_LIBRARIES = YES;
				CODE_SIGN_STYLE = Automatic;
				DEVELOPMENT_TEAM = WXT8YUFTMG;
				INFOPLIST_FILE = TakeMeOutUITests/Info.plist;
				LD_RUNPATH_SEARCH_PATHS = (
					"$(inherited)",
					"@executable_path/Frameworks",
					"@loader_path/Frameworks",
				);
				PRODUCT_BUNDLE_IDENTIFIER = com.mhnd.TakeMeOutUITests;
				PRODUCT_NAME = "$(TARGET_NAME)";
				SWIFT_VERSION = 4.2;
				TARGETED_DEVICE_FAMILY = "1,2";
				TEST_TARGET_NAME = TakeMeOut;
			};
			name = Release;
		};
/* End XCBuildConfiguration section */

/* Begin XCConfigurationList section */
		590AB27E217AF9E200C259D8 /* Build configuration list for PBXProject "TakeMeOut" */ = {
			isa = XCConfigurationList;
			buildConfigurations = (
				590AB2A9217AF9E600C259D8 /* Debug */,
				590AB2AA217AF9E600C259D8 /* Release */,
			);
			defaultConfigurationIsVisible = 0;
			defaultConfigurationName = Release;
		};
		590AB2AB217AF9E600C259D8 /* Build configuration list for PBXNativeTarget "TakeMeOut" */ = {
			isa = XCConfigurationList;
			buildConfigurations = (
				590AB2AC217AF9E600C259D8 /* Debug */,
				590AB2AD217AF9E600C259D8 /* Release */,
			);
			defaultConfigurationIsVisible = 0;
			defaultConfigurationName = Release;
		};
		590AB2AE217AF9E600C259D8 /* Build configuration list for PBXNativeTarget "TakeMeOutTests" */ = {
			isa = XCConfigurationList;
			buildConfigurations = (
				590AB2AF217AF9E600C259D8 /* Debug */,
				590AB2B0217AF9E600C259D8 /* Release */,
			);
			defaultConfigurationIsVisible = 0;
			defaultConfigurationName = Release;
		};
		590AB2B1217AF9E600C259D8 /* Build configuration list for PBXNativeTarget "TakeMeOutUITests" */ = {
			isa = XCConfigurationList;
			buildConfigurations = (
				590AB2B2217AF9E600C259D8 /* Debug */,
				590AB2B3217AF9E600C259D8 /* Release */,
			);
			defaultConfigurationIsVisible = 0;
			defaultConfigurationName = Release;
		};
/* End XCConfigurationList section */
	};
	rootObject = 590AB27B217AF9E200C259D8 /* Project object */;
}
